
Microsoft Visual Studio Solution File, Format Version 12.00
# Visual Studio Version 17
VisualStudioVersion = 17.14.36212.18 d17.14
MinimumVisualStudioVersion = 10.0.40219.1
Project("{FAE04EC0-301F-11D3-BF4B-00C04F79EFBC}") = "ConsoleAlgoritmos", "ConsoleAlgoritmos.csproj", "{0BEA45AE-1921-4B66-B61A-FA5FD0A4BE84}"
EndProject
Global
	GlobalSection(SolutionConfigurationPlatforms) = preSolution
		Debug|Any CPU = Debug|Any CPU
		Release|Any CPU = Release|Any CPU
	EndGlobalSection
	GlobalSection(ProjectConfigurationPlatforms) = postSolution
		{0BEA45AE-1921-4B66-B61A-FA5FD0A4BE84}.Debug|Any CPU.ActiveCfg = Debug|Any CPU
		{0BEA45AE-1921-4B66-B61A-FA5FD0A4BE84}.Debug|Any CPU.Build.0 = Debug|Any CPU
		{0BEA45AE-1921-4B66-B61A-FA5FD0A4BE84}.Release|Any CPU.ActiveCfg = Release|Any CPU
		{0BEA45AE-1921-4B66-B61A-FA5FD0A4BE84}.Release|Any CPU.Build.0 = Release|Any CPU
	EndGlobalSection
	GlobalSection(SolutionProperties) = preSolution
		HideSolutionNode = FALSE
	EndGlobalSection
	GlobalSection(ExtensibilityGlobals) = postSolution
		SolutionGuid = {29DBF1E4-794F-484F-87DD-E087BF4A633F}
	EndGlobalSection
EndGlobal
