
Microsoft Visual Studio Solution File, Format Version 12.00
# Visual Studio Version 17
VisualStudioVersion = 17.14.36212.18 d17.14
MinimumVisualStudioVersion = 10.0.40219.1
Project("{FAE04EC0-301F-11D3-BF4B-00C04F79EFBC}") = "ConsoleArrays", "ConsoleArrays.csproj", "{0353D01A-C3B5-4C98-AB1D-E93B84B3A100}"
EndProject
Global
	GlobalSection(SolutionConfigurationPlatforms) = preSolution
		Debug|Any CPU = Debug|Any CPU
		Release|Any CPU = Release|Any CPU
	EndGlobalSection
	GlobalSection(ProjectConfigurationPlatforms) = postSolution
		{0353D01A-C3B5-4C98-AB1D-E93B84B3A100}.Debug|Any CPU.ActiveCfg = Debug|Any CPU
		{0353D01A-C3B5-4C98-AB1D-E93B84B3A100}.Debug|Any CPU.Build.0 = Debug|Any CPU
		{0353D01A-C3B5-4C98-AB1D-E93B84B3A100}.Release|Any CPU.ActiveCfg = Release|Any CPU
		{0353D01A-C3B5-4C98-AB1D-E93B84B3A100}.Release|Any CPU.Build.0 = Release|Any CPU
	EndGlobalSection
	GlobalSection(SolutionProperties) = preSolution
		HideSolutionNode = FALSE
	EndGlobalSection
	GlobalSection(ExtensibilityGlobals) = postSolution
		SolutionGuid = {7D1720B6-C6E0-4032-B055-8B0B2394661C}
	EndGlobalSection
EndGlobal
