
Microsoft Visual Studio Solution File, Format Version 12.00
# Visual Studio Version 17
VisualStudioVersion = 17.14.36212.18 d17.14
MinimumVisualStudioVersion = 10.0.40219.1
Project("{FAE04EC0-301F-11D3-BF4B-00C04F79EFBC}") = "ConsoleTemperature", "ConsoleTemperature.csproj", "{BC7BC334-2E1F-402C-8F92-3D953CC0851D}"
EndProject
Global
	GlobalSection(SolutionConfigurationPlatforms) = preSolution
		Debug|Any CPU = Debug|Any CPU
		Release|Any CPU = Release|Any CPU
	EndGlobalSection
	GlobalSection(ProjectConfigurationPlatforms) = postSolution
		{BC7BC334-2E1F-402C-8F92-3D953CC0851D}.Debug|Any CPU.ActiveCfg = Debug|Any CPU
		{BC7BC334-2E1F-402C-8F92-3D953CC0851D}.Debug|Any CPU.Build.0 = Debug|Any CPU
		{BC7BC334-2E1F-402C-8F92-3D953CC0851D}.Release|Any CPU.ActiveCfg = Release|Any CPU
		{BC7BC334-2E1F-402C-8F92-3D953CC0851D}.Release|Any CPU.Build.0 = Release|Any CPU
	EndGlobalSection
	GlobalSection(SolutionProperties) = preSolution
		HideSolutionNode = FALSE
	EndGlobalSection
	GlobalSection(ExtensibilityGlobals) = postSolution
		SolutionGuid = {11126CEB-631C-4121-85CC-32342FED7AAD}
	EndGlobalSection
EndGlobal
