
Microsoft Visual Studio Solution File, Format Version 12.00
# Visual Studio Version 17
VisualStudioVersion = 17.14.36212.18 d17.14
MinimumVisualStudioVersion = 10.0.40219.1
Project("{FAE04EC0-301F-11D3-BF4B-00C04F79EFBC}") = "ConsoleUnderstandVoid", "ConsoleUnderstandVoid.csproj", "{F1E68D97-D875-414C-A396-7A6B74E683BA}"
EndProject
Global
	GlobalSection(SolutionConfigurationPlatforms) = preSolution
		Debug|Any CPU = Debug|Any CPU
		Release|Any CPU = Release|Any CPU
	EndGlobalSection
	GlobalSection(ProjectConfigurationPlatforms) = postSolution
		{F1E68D97-D875-414C-A396-7A6B74E683BA}.Debug|Any CPU.ActiveCfg = Debug|Any CPU
		{F1E68D97-D875-414C-A396-7A6B74E683BA}.Debug|Any CPU.Build.0 = Debug|Any CPU
		{F1E68D97-D875-414C-A396-7A6B74E683BA}.Release|Any CPU.ActiveCfg = Release|Any CPU
		{F1E68D97-D875-414C-A396-7A6B74E683BA}.Release|Any CPU.Build.0 = Release|Any CPU
	EndGlobalSection
	GlobalSection(SolutionProperties) = preSolution
		HideSolutionNode = FALSE
	EndGlobalSection
	GlobalSection(ExtensibilityGlobals) = postSolution
		SolutionGuid = {B780FDF5-5CCE-4F43-AC30-B33474396088}
	EndGlobalSection
EndGlobal
