
Microsoft Visual Studio Solution File, Format Version 12.00
# Visual Studio Version 17
VisualStudioVersion = 17.14.36212.18 d17.14
MinimumVisualStudioVersion = 10.0.40219.1
Project("{FAE04EC0-301F-11D3-BF4B-00C04F79EFBC}") = "ConsoleList", "ConsoleList.csproj", "{72EE017E-858A-4176-8B21-652D1AE9142C}"
EndProject
Global
	GlobalSection(SolutionConfigurationPlatforms) = preSolution
		Debug|Any CPU = Debug|Any CPU
		Release|Any CPU = Release|Any CPU
	EndGlobalSection
	GlobalSection(ProjectConfigurationPlatforms) = postSolution
		{72EE017E-858A-4176-8B21-652D1AE9142C}.Debug|Any CPU.ActiveCfg = Debug|Any CPU
		{72EE017E-858A-4176-8B21-652D1AE9142C}.Debug|Any CPU.Build.0 = Debug|Any CPU
		{72EE017E-858A-4176-8B21-652D1AE9142C}.Release|Any CPU.ActiveCfg = Release|Any CPU
		{72EE017E-858A-4176-8B21-652D1AE9142C}.Release|Any CPU.Build.0 = Release|Any CPU
	EndGlobalSection
	GlobalSection(SolutionProperties) = preSolution
		HideSolutionNode = FALSE
	EndGlobalSection
	GlobalSection(ExtensibilityGlobals) = postSolution
		SolutionGuid = {CEB2094D-CFCF-45A9-9680-AD070DA69DE7}
	EndGlobalSection
EndGlobal
